
Microsoft Visual Studio Solution File, Format Version 12.00
# Visual Studio 15
VisualStudioVersion = 15.0.26124.0
MinimumVisualStudioVersion = 15.0.26124.0
Project("{FAE04EC0-301F-11D3-BF4B-00C04F79EFBC}") = "PaymentContext.Domain", "PaymentContext.Domain\PaymentContext.Domain.csproj", "{0BE3C68E-3C36-41FF-A499-20BE105480B5}"
EndProject
Project("{FAE04EC0-301F-11D3-BF4B-00C04F79EFBC}") = "PaymentContext.Shared", "PaymentContext.Shared\PaymentContext.Shared.csproj", "{C5206F58-0473-4BF6-B111-744645FB92ED}"
EndProject
Project("{FAE04EC0-301F-11D3-BF4B-00C04F79EFBC}") = "PaymentContext.Tests", "PaymentContext.Tests\PaymentContext.Tests.csproj", "{1AAA34C1-ED29-4EFD-ABBD-4C16D12CC98C}"
EndProject
Global
	GlobalSection(SolutionConfigurationPlatforms) = preSolution
		Debug|Any CPU = Debug|Any CPU
		Debug|x64 = Debug|x64
		Debug|x86 = Debug|x86
		Release|Any CPU = Release|Any CPU
		Release|x64 = Release|x64
		Release|x86 = Release|x86
	EndGlobalSection
	GlobalSection(SolutionProperties) = preSolution
		HideSolutionNode = FALSE
	EndGlobalSection
	GlobalSection(ProjectConfigurationPlatforms) = postSolution
		{0BE3C68E-3C36-41FF-A499-20BE105480B5}.Debug|Any CPU.ActiveCfg = Debug|Any CPU
		{0BE3C68E-3C36-41FF-A499-20BE105480B5}.Debug|Any CPU.Build.0 = Debug|Any CPU
		{0BE3C68E-3C36-41FF-A499-20BE105480B5}.Debug|x64.ActiveCfg = Debug|Any CPU
		{0BE3C68E-3C36-41FF-A499-20BE105480B5}.Debug|x64.Build.0 = Debug|Any CPU
		{0BE3C68E-3C36-41FF-A499-20BE105480B5}.Debug|x86.ActiveCfg = Debug|Any CPU
		{0BE3C68E-3C36-41FF-A499-20BE105480B5}.Debug|x86.Build.0 = Debug|Any CPU
		{0BE3C68E-3C36-41FF-A499-20BE105480B5}.Release|Any CPU.ActiveCfg = Release|Any CPU
		{0BE3C68E-3C36-41FF-A499-20BE105480B5}.Release|Any CPU.Build.0 = Release|Any CPU
		{0BE3C68E-3C36-41FF-A499-20BE105480B5}.Release|x64.ActiveCfg = Release|Any CPU
		{0BE3C68E-3C36-41FF-A499-20BE105480B5}.Release|x64.Build.0 = Release|Any CPU
		{0BE3C68E-3C36-41FF-A499-20BE105480B5}.Release|x86.ActiveCfg = Release|Any CPU
		{0BE3C68E-3C36-41FF-A499-20BE105480B5}.Release|x86.Build.0 = Release|Any CPU
		{C5206F58-0473-4BF6-B111-744645FB92ED}.Debug|Any CPU.ActiveCfg = Debug|Any CPU
		{C5206F58-0473-4BF6-B111-744645FB92ED}.Debug|Any CPU.Build.0 = Debug|Any CPU
		{C5206F58-0473-4BF6-B111-744645FB92ED}.Debug|x64.ActiveCfg = Debug|Any CPU
		{C5206F58-0473-4BF6-B111-744645FB92ED}.Debug|x64.Build.0 = Debug|Any CPU
		{C5206F58-0473-4BF6-B111-744645FB92ED}.Debug|x86.ActiveCfg = Debug|Any CPU
		{C5206F58-0473-4BF6-B111-744645FB92ED}.Debug|x86.Build.0 = Debug|Any CPU
		{C5206F58-0473-4BF6-B111-744645FB92ED}.Release|Any CPU.ActiveCfg = Release|Any CPU
		{C5206F58-0473-4BF6-B111-744645FB92ED}.Release|Any CPU.Build.0 = Release|Any CPU
		{C5206F58-0473-4BF6-B111-744645FB92ED}.Release|x64.ActiveCfg = Release|Any CPU
		{C5206F58-0473-4BF6-B111-744645FB92ED}.Release|x64.Build.0 = Release|Any CPU
		{C5206F58-0473-4BF6-B111-744645FB92ED}.Release|x86.ActiveCfg = Release|Any CPU
		{C5206F58-0473-4BF6-B111-744645FB92ED}.Release|x86.Build.0 = Release|Any CPU
		{1AAA34C1-ED29-4EFD-ABBD-4C16D12CC98C}.Debug|Any CPU.ActiveCfg = Debug|Any CPU
		{1AAA34C1-ED29-4EFD-ABBD-4C16D12CC98C}.Debug|Any CPU.Build.0 = Debug|Any CPU
		{1AAA34C1-ED29-4EFD-ABBD-4C16D12CC98C}.Debug|x64.ActiveCfg = Debug|Any CPU
		{1AAA34C1-ED29-4EFD-ABBD-4C16D12CC98C}.Debug|x64.Build.0 = Debug|Any CPU
		{1AAA34C1-ED29-4EFD-ABBD-4C16D12CC98C}.Debug|x86.ActiveCfg = Debug|Any CPU
		{1AAA34C1-ED29-4EFD-ABBD-4C16D12CC98C}.Debug|x86.Build.0 = Debug|Any CPU
		{1AAA34C1-ED29-4EFD-ABBD-4C16D12CC98C}.Release|Any CPU.ActiveCfg = Release|Any CPU
		{1AAA34C1-ED29-4EFD-ABBD-4C16D12CC98C}.Release|Any CPU.Build.0 = Release|Any CPU
		{1AAA34C1-ED29-4EFD-ABBD-4C16D12CC98C}.Release|x64.ActiveCfg = Release|Any CPU
		{1AAA34C1-ED29-4EFD-ABBD-4C16D12CC98C}.Release|x64.Build.0 = Release|Any CPU
		{1AAA34C1-ED29-4EFD-ABBD-4C16D12CC98C}.Release|x86.ActiveCfg = Release|Any CPU
		{1AAA34C1-ED29-4EFD-ABBD-4C16D12CC98C}.Release|x86.Build.0 = Release|Any CPU
	EndGlobalSection
EndGlobal
